
Microsoft Visual Studio Solution File, Format Version 12.00
# Visual Studio Version 17
VisualStudioVersion = 17.9.34728.123
MinimumVisualStudioVersion = 10.0.40219.1
Project("{FAE04EC0-301F-11D3-BF4B-00C04F79EFBC}") = "MauiApp_TARgv23", "MauiApp_TARgv23.csproj", "{0A95A01D-B965-41A4-8630-BFEDBFFC7881}"
EndProject
Global
	GlobalSection(SolutionConfigurationPlatforms) = preSolution
		Debug|Any CPU = Debug|Any CPU
		Release|Any CPU = Release|Any CPU
	EndGlobalSection
	GlobalSection(ProjectConfigurationPlatforms) = postSolution
		{0A95A01D-B965-41A4-8630-BFEDBFFC7881}.Debug|Any CPU.ActiveCfg = Debug|Any CPU
		{0A95A01D-B965-41A4-8630-BFEDBFFC7881}.Debug|Any CPU.Build.0 = Debug|Any CPU
		{0A95A01D-B965-41A4-8630-BFEDBFFC7881}.Debug|Any CPU.Deploy.0 = Debug|Any CPU
		{0A95A01D-B965-41A4-8630-BFEDBFFC7881}.Release|Any CPU.ActiveCfg = Release|Any CPU
		{0A95A01D-B965-41A4-8630-BFEDBFFC7881}.Release|Any CPU.Build.0 = Release|Any CPU
		{0A95A01D-B965-41A4-8630-BFEDBFFC7881}.Release|Any CPU.Deploy.0 = Release|Any CPU
	EndGlobalSection
	GlobalSection(SolutionProperties) = preSolution
		HideSolutionNode = FALSE
	EndGlobalSection
	GlobalSection(ExtensibilityGlobals) = postSolution
		SolutionGuid = {0EC614F8-577A-4AC8-AF61-E3AA08AF9902}
	EndGlobalSection
EndGlobal
